{
  "name": "siasus_service",
  "version": "1.0.0",
  "lockfileVersion": 3,
  "requires": true,
  "packages": {
    "": {
      "name": "siasus_service",
      "version": "1.0.0",
      "license": "ISC",
      "dependencies": {
        "@codeplaydata/dbc2dbf": "^1.0.2",
        "basic-ftp": "^5.0.5",
        "dbffile": "^1.12.0"
      },
      "devDependencies": {
        "@types/node": "^22.15.23",
        "typescript": "^5.8.3"
      }
    },
    "node_modules/@codeplaydata/dbc2dbf": {
      "version": "1.0.2",
      "resolved": "https://registry.npmjs.org/@codeplaydata/dbc2dbf/-/dbc2dbf-1.0.2.tgz",
      "integrity": "sha512-adArBCYryQJFRwLCvshg4dz2turJaNQoWM5iHH8ixQM68pEzfzj4vk4i3g3tNZ4KQUsXXW7FhONhloZFUgrg+A==",
      "hasInstallScript": true,
      "license": "AGPLv3",
      "dependencies": {
        "node-addon-api": "^8.3.1"
      }
    },
    "node_modules/@types/node": {
      "version": "22.15.23",
      "resolved": "https://registry.npmjs.org/@types/node/-/node-22.15.23.tgz",
      "integrity": "sha512-7Ec1zaFPF4RJ0eXu1YT/xgiebqwqoJz8rYPDi/O2BcZ++Wpt0Kq9cl0eg6NN6bYbPnR67ZLo7St5Q3UK0SnARw==",
      "dev": true,
      "license": "MIT",
      "dependencies": {
        "undici-types": "~6.21.0"
      }
    },
    "node_modules/basic-ftp": {
      "version": "5.0.5",
      "resolved": "https://registry.npmjs.org/basic-ftp/-/basic-ftp-5.0.5.tgz",
      "integrity": "sha512-4Bcg1P8xhUuqcii/S0Z9wiHIrQVPMermM1any+MX5GeGD7faD3/msQUDGLol9wOcz4/jbg/WJnGqoJF6LiBdtg==",
      "license": "MIT",
      "engines": {
        "node": ">=10.0.0"
      }
    },
    "node_modules/dbffile": {
      "version": "1.12.0",
      "resolved": "https://registry.npmjs.org/dbffile/-/dbffile-1.12.0.tgz",
      "integrity": "sha512-repLNtp1jyODRyAbqSaCiComsLi9/2w+ljYC760TXf69ExFVoJzdDr5STBx21gunM59RipYK5zHeDIuGf1LA8w==",
      "license": "MIT",
      "dependencies": {
        "iconv-lite": "^0.4.24"
      }
    },
    "node_modules/iconv-lite": {
      "version": "0.4.24",
      "resolved": "https://registry.npmjs.org/iconv-lite/-/iconv-lite-0.4.24.tgz",
      "integrity": "sha512-v3MXnZAcvnywkTUEZomIActle7RXXeedOR31wwl7VlyoXO4Qi9arvSenNQWne1TcRwhCL1HwLI21bEqdpj8/rA==",
      "license": "MIT",
      "dependencies": {
        "safer-buffer": ">= 2.1.2 < 3"
      },
      "engines": {
        "node": ">=0.10.0"
      }
    },
    "node_modules/node-addon-api": {
      "version": "8.3.1",
      "resolved": "https://registry.npmjs.org/node-addon-api/-/node-addon-api-8.3.1.tgz",
      "integrity": "sha512-lytcDEdxKjGJPTLEfW4mYMigRezMlyJY8W4wxJK8zE533Jlb8L8dRuObJFWg2P+AuOIxoCgKF+2Oq4d4Zd0OUA==",
      "license": "MIT",
      "engines": {
        "node": "^18 || ^20 || >= 21"
      }
    },
    "node_modules/safer-buffer": {
      "version": "2.1.2",
      "resolved": "https://registry.npmjs.org/safer-buffer/-/safer-buffer-2.1.2.tgz",
      "integrity": "sha512-YZo3K82SD7Riyi0E1EQPojLz7kpepnSQI9IyPbHHg1XXXevb5dJI7tpyN2ADxGcQbHG7vcyRHk0cbwqcQriUtg==",
      "license": "MIT"
    },
    "node_modules/typescript": {
      "version": "5.8.3",
      "resolved": "https://registry.npmjs.org/typescript/-/typescript-5.8.3.tgz",
      "integrity": "sha512-p1diW6TqL9L07nNxvRMM7hMMw4c5XOo/1ibL4aAIGmSAt9slTE1Xgw5KWuof2uTOvCg9BY7ZRi+GaF+7sfgPeQ==",
      "dev": true,
      "license": "Apache-2.0",
      "bin": {
        "tsc": "bin/tsc",
        "tsserver": "bin/tsserver"
      },
      "engines": {
        "node": ">=14.17"
      }
    },
    "node_modules/undici-types": {
      "version": "6.21.0",
      "resolved": "https://registry.npmjs.org/undici-types/-/undici-types-6.21.0.tgz",
      "integrity": "sha512-iwDZqg0QAGrg9Rav5H4n0M64c3mkR59cJ6wQp+7C4nI0gsmExaedaYLNO44eT4AtBBwjbTiGPMlt2Md0T9H9JQ==",
      "dev": true,
      "license": "MIT"
    }
  }
}
